
Microsoft Visual Studio Solution File, Format Version 12.00
# Visual Studio Version 16
VisualStudioVersion = 16.0.32901.82
MinimumVisualStudioVersion = 10.0.40219.1
Project("{FAE04EC0-301F-11D3-BF4B-00C04F79EFBC}") = "CANConnectDemo", "CANConnectDemo\CANConnectDemo.csproj", "{D657A6AE-C6CD-47C5-AC76-E16318233385}"
EndProject
Project("{FAE04EC0-301F-11D3-BF4B-00C04F79EFBC}") = "Models", "Models\Models.csproj", "{2193E702-9A1C-4F33-A0DE-39AE3B8CD423}"
EndProject
Project("{FAE04EC0-301F-11D3-BF4B-00C04F79EFBC}") = "FrameWork", "FrameWork\FrameWork.csproj", "{D2D75CD4-D2A9-4695-ABD3-CCB71D4A51B9}"
EndProject
Global
	GlobalSection(SolutionConfigurationPlatforms) = preSolution
		Debug|Any CPU = Debug|Any CPU
		Release|Any CPU = Release|Any CPU
	EndGlobalSection
	GlobalSection(ProjectConfigurationPlatforms) = postSolution
		{D657A6AE-C6CD-47C5-AC76-E16318233385}.Debug|Any CPU.ActiveCfg = Debug|Any CPU
		{D657A6AE-C6CD-47C5-AC76-E16318233385}.Debug|Any CPU.Build.0 = Debug|Any CPU
		{D657A6AE-C6CD-47C5-AC76-E16318233385}.Release|Any CPU.ActiveCfg = Release|Any CPU
		{D657A6AE-C6CD-47C5-AC76-E16318233385}.Release|Any CPU.Build.0 = Release|Any CPU
		{2193E702-9A1C-4F33-A0DE-39AE3B8CD423}.Debug|Any CPU.ActiveCfg = Debug|Any CPU
		{2193E702-9A1C-4F33-A0DE-39AE3B8CD423}.Debug|Any CPU.Build.0 = Debug|Any CPU
		{2193E702-9A1C-4F33-A0DE-39AE3B8CD423}.Release|Any CPU.ActiveCfg = Release|Any CPU
		{2193E702-9A1C-4F33-A0DE-39AE3B8CD423}.Release|Any CPU.Build.0 = Release|Any CPU
		{D2D75CD4-D2A9-4695-ABD3-CCB71D4A51B9}.Debug|Any CPU.ActiveCfg = Debug|Any CPU
		{D2D75CD4-D2A9-4695-ABD3-CCB71D4A51B9}.Debug|Any CPU.Build.0 = Debug|Any CPU
		{D2D75CD4-D2A9-4695-ABD3-CCB71D4A51B9}.Release|Any CPU.ActiveCfg = Release|Any CPU
		{D2D75CD4-D2A9-4695-ABD3-CCB71D4A51B9}.Release|Any CPU.Build.0 = Release|Any CPU
	EndGlobalSection
	GlobalSection(SolutionProperties) = preSolution
		HideSolutionNode = FALSE
	EndGlobalSection
	GlobalSection(ExtensibilityGlobals) = postSolution
		SolutionGuid = {7A5006CD-2A79-4FA8-AC1E-CAC8E336D892}
	EndGlobalSection
EndGlobal
